
Microsoft Visual Studio Solution File, Format Version 12.00
# Visual Studio Version 17
VisualStudioVersion = 17.3.32901.215
MinimumVisualStudioVersion = 10.0.40219.1
Project("{FAE04EC0-301F-11D3-BF4B-00C04F79EFBC}") = "ProjektInzynierskiWindowedApp", "ProjektInzynierskiWindowedApp\ProjektInzynierskiWindowedApp.csproj", "{DB038098-2228-4FD9-AFDA-063552DF0B7D}"
EndProject
Global
	GlobalSection(SolutionConfigurationPlatforms) = preSolution
		Debug|Any CPU = Debug|Any CPU
		Release|Any CPU = Release|Any CPU
	EndGlobalSection
	GlobalSection(ProjectConfigurationPlatforms) = postSolution
		{DB038098-2228-4FD9-AFDA-063552DF0B7D}.Debug|Any CPU.ActiveCfg = Debug|Any CPU
		{DB038098-2228-4FD9-AFDA-063552DF0B7D}.Debug|Any CPU.Build.0 = Debug|Any CPU
		{DB038098-2228-4FD9-AFDA-063552DF0B7D}.Release|Any CPU.ActiveCfg = Release|Any CPU
		{DB038098-2228-4FD9-AFDA-063552DF0B7D}.Release|Any CPU.Build.0 = Release|Any CPU
	EndGlobalSection
	GlobalSection(SolutionProperties) = preSolution
		HideSolutionNode = FALSE
	EndGlobalSection
	GlobalSection(ExtensibilityGlobals) = postSolution
		SolutionGuid = {2949010B-D047-4D37-999C-E5819CE49213}
	EndGlobalSection
EndGlobal
